
Microsoft Visual Studio Solution File, Format Version 12.00
# Visual Studio Version 17
VisualStudioVersion = 17.13.35825.156 d17.13
MinimumVisualStudioVersion = 10.0.40219.1
Project("{FAE04EC0-301F-11D3-BF4B-00C04F79EFBC}") = "Esempi_linq_nodb", "Esempi_linq_nodb.csproj", "{50D04A3E-9616-46F3-81A9-0E3052C17AFF}"
EndProject
Global
	GlobalSection(SolutionConfigurationPlatforms) = preSolution
		Debug|Any CPU = Debug|Any CPU
		Release|Any CPU = Release|Any CPU
	EndGlobalSection
	GlobalSection(ProjectConfigurationPlatforms) = postSolution
		{50D04A3E-9616-46F3-81A9-0E3052C17AFF}.Debug|Any CPU.ActiveCfg = Debug|Any CPU
		{50D04A3E-9616-46F3-81A9-0E3052C17AFF}.Debug|Any CPU.Build.0 = Debug|Any CPU
		{50D04A3E-9616-46F3-81A9-0E3052C17AFF}.Release|Any CPU.ActiveCfg = Release|Any CPU
		{50D04A3E-9616-46F3-81A9-0E3052C17AFF}.Release|Any CPU.Build.0 = Release|Any CPU
	EndGlobalSection
	GlobalSection(SolutionProperties) = preSolution
		HideSolutionNode = FALSE
	EndGlobalSection
	GlobalSection(ExtensibilityGlobals) = postSolution
		SolutionGuid = {822C78EA-8617-4B28-8F72-8F039A32292B}
	EndGlobalSection
EndGlobal
